
Microsoft Visual Studio Solution File, Format Version 12.00
# Visual Studio Version 16
VisualStudioVersion = 16.0.31702.278
MinimumVisualStudioVersion = 10.0.40219.1
Project("{FAE04EC0-301F-11D3-BF4B-00C04F79EFBC}") = "IdentityServer", "IdentityServer\IdentityServer.csproj", "{25EC674A-97D5-464F-B437-AAB770183798}"
EndProject
Project("{9A19103F-16F7-4668-BE54-9A1E7A4F7556}") = "MvcClient", "MvcClient\MvcClient.csproj", "{66C26C4C-69A3-4F5E-867C-5BFE06097118}"
EndProject
Global
	GlobalSection(SolutionConfigurationPlatforms) = preSolution
		Debug|Any CPU = Debug|Any CPU
		Release|Any CPU = Release|Any CPU
	EndGlobalSection
	GlobalSection(ProjectConfigurationPlatforms) = postSolution
		{25EC674A-97D5-464F-B437-AAB770183798}.Debug|Any CPU.ActiveCfg = Debug|Any CPU
		{25EC674A-97D5-464F-B437-AAB770183798}.Debug|Any CPU.Build.0 = Debug|Any CPU
		{25EC674A-97D5-464F-B437-AAB770183798}.Release|Any CPU.ActiveCfg = Release|Any CPU
		{25EC674A-97D5-464F-B437-AAB770183798}.Release|Any CPU.Build.0 = Release|Any CPU
		{66C26C4C-69A3-4F5E-867C-5BFE06097118}.Debug|Any CPU.ActiveCfg = Debug|Any CPU
		{66C26C4C-69A3-4F5E-867C-5BFE06097118}.Debug|Any CPU.Build.0 = Debug|Any CPU
		{66C26C4C-69A3-4F5E-867C-5BFE06097118}.Release|Any CPU.ActiveCfg = Release|Any CPU
		{66C26C4C-69A3-4F5E-867C-5BFE06097118}.Release|Any CPU.Build.0 = Release|Any CPU
	EndGlobalSection
	GlobalSection(SolutionProperties) = preSolution
		HideSolutionNode = FALSE
	EndGlobalSection
	GlobalSection(ExtensibilityGlobals) = postSolution
		SolutionGuid = {9A93210B-B992-4457-AB43-547EB6693CBF}
	EndGlobalSection
EndGlobal
